
Microsoft Visual Studio Solution File, Format Version 12.00
# Visual Studio Version 17
VisualStudioVersion = 17.8.34322.80
MinimumVisualStudioVersion = 10.0.40219.1
Project("{FAE04EC0-301F-11D3-BF4B-00C04F79EFBC}") = "TVLoader", "TVLoader\TVLoader.csproj", "{E59845A7-F2F7-4416-9A61-CA1939CE6E2D}"
EndProject
Global
	GlobalSection(SolutionConfigurationPlatforms) = preSolution
		Debug|Any CPU = Debug|Any CPU
		Release|Any CPU = Release|Any CPU
	EndGlobalSection
	GlobalSection(ProjectConfigurationPlatforms) = postSolution
		{E59845A7-F2F7-4416-9A61-CA1939CE6E2D}.Debug|Any CPU.ActiveCfg = Debug|Any CPU
		{E59845A7-F2F7-4416-9A61-CA1939CE6E2D}.Debug|Any CPU.Build.0 = Debug|Any CPU
		{E59845A7-F2F7-4416-9A61-CA1939CE6E2D}.Release|Any CPU.ActiveCfg = Release|Any CPU
		{E59845A7-F2F7-4416-9A61-CA1939CE6E2D}.Release|Any CPU.Build.0 = Release|Any CPU
	EndGlobalSection
	GlobalSection(SolutionProperties) = preSolution
		HideSolutionNode = FALSE
	EndGlobalSection
	GlobalSection(ExtensibilityGlobals) = postSolution
		SolutionGuid = {37D76268-26DA-4A21-B3DD-B692AF2050C7}
	EndGlobalSection
EndGlobal
